# THIS IS AN AUTOGENERATED FILE. DO NOT EDIT THIS FILE DIRECTLY.
# yarn lockfile v1


"@hotwired/stimulus@^3.0.0-beta.1":
  version "3.0.0-beta.1"
  resolved "https://registry.yarnpkg.com/@hotwired/stimulus/-/stimulus-3.0.0-beta.1.tgz#387eb5129c40c20f4455fd52409d1c4cdef8b7fe"
  integrity sha512-CrKSNYwwWJ1rCZiKgPADrLwRlmBQdvdbTgYlATjZP4MaU2SvGQ0wo1vsjjr7qzfEUvP/14GBnuQfMuhvHGrCNQ==

"@hotwired/turbo-rails@^7.0.0-rc.3":
  version "7.0.0-rc.3"
  resolved "https://registry.yarnpkg.com/@hotwired/turbo-rails/-/turbo-rails-7.0.0-rc.3.tgz#ebb088a0c9f6eed23a99b396c2ae59d0c57644e0"
  integrity sha512-J5NLTGSvlFW86pRxEm2WlYKdNeIkmQT9ZmIo1Rputj7BLymZYDCglaZ2vhMVFnQJ4qXEq4ttS3xeQt3cCG2Tdg==
  dependencies:
    "@hotwired/turbo" "^7.0.0-rc.3"
    "@rails/actioncable" "^6.0.0"

"@hotwired/turbo@^7.0.0-rc.3":
  version "7.0.0-rc.3"
  resolved "https://registry.yarnpkg.com/@hotwired/turbo/-/turbo-7.0.0-rc.3.tgz#f31289fc185e09524445471d1b46b59cac0f99cb"
  integrity sha512-Xiqtb2fvKcnkc/6cJNx8x2+KHswJeMmNLXPSc8jIE6sYAhnL8pDY2ewiV3x5JS/y+/yWhQSMMHONBwHt8ykYKQ==

"@rails/actioncable@^6.0.0":
  version "6.1.4"
  resolved "https://registry.yarnpkg.com/@rails/actioncable/-/actioncable-6.1.4.tgz#c3c5a9f8302c429af9722b6c50ab48049016d2a3"
  integrity sha512-0LmSKJTuo2dL6BQ+9xxLnS9lbkyfz2mBGeBnQ2J7o9Bn0l0q+ZC6VuoZMZZXPvABI4QT7Nfknv5WhfKYL+boew==

esbuild@^0.12.25:
  version "0.12.25"
  resolved "https://registry.yarnpkg.com/esbuild/-/esbuild-0.12.25.tgz#c2131cef022cf9fe94aaa5e00110b27fc976221a"
  integrity sha512-woie0PosbRSoN8gQytrdCzUbS2ByKgO8nD1xCZkEup3D9q92miCze4PqEI9TZDYAuwn6CruEnQpJxgTRWdooAg==
